
Microsoft Visual Studio Solution File, Format Version 12.00
# Visual Studio Version 16
VisualStudioVersion = 16.0.31129.286
MinimumVisualStudioVersion = 10.0.40219.1
Project("{FAE04EC0-301F-11D3-BF4B-00C04F79EFBC}") = "DemoWebApp", "DemoWebApp.csproj", "{321282AE-7BBE-4579-A10F-510A9A0B1FE6}"
EndProject
Global
	GlobalSection(SolutionConfigurationPlatforms) = preSolution
		Debug|Any CPU = Debug|Any CPU
		Release|Any CPU = Release|Any CPU
	EndGlobalSection
	GlobalSection(ProjectConfigurationPlatforms) = postSolution
		{321282AE-7BBE-4579-A10F-510A9A0B1FE6}.Debug|Any CPU.ActiveCfg = Debug|Any CPU
		{321282AE-7BBE-4579-A10F-510A9A0B1FE6}.Debug|Any CPU.Build.0 = Debug|Any CPU
		{321282AE-7BBE-4579-A10F-510A9A0B1FE6}.Release|Any CPU.ActiveCfg = Release|Any CPU
		{321282AE-7BBE-4579-A10F-510A9A0B1FE6}.Release|Any CPU.Build.0 = Release|Any CPU
	EndGlobalSection
	GlobalSection(SolutionProperties) = preSolution
		HideSolutionNode = FALSE
	EndGlobalSection
	GlobalSection(ExtensibilityGlobals) = postSolution
		SolutionGuid = {0BF18189-CF29-4973-92A9-2F6ACF43CF51}
	EndGlobalSection
EndGlobal
